
Microsoft Visual Studio Solution File, Format Version 12.00
# Visual Studio Version 16
VisualStudioVersion = 16.0.30907.101
MinimumVisualStudioVersion = 10.0.40219.1
Project("{9A19103F-16F7-4668-BE54-9A1E7A4F7556}") = "DataAccess", "DataAccess\DataAccess.csproj", "{3E8971E7-EAF5-4480-B26E-2C7C5AB7C87C}"
EndProject
Project("{9A19103F-16F7-4668-BE54-9A1E7A4F7556}") = "Business", "Business\Business.csproj", "{280C61ED-C021-45B4-9C6E-A41FF3BD8543}"
EndProject
Project("{9A19103F-16F7-4668-BE54-9A1E7A4F7556}") = "Entities", "Entities\Entities.csproj", "{056C6608-67F2-421D-96A6-548F4CCC992E}"
EndProject
Project("{9A19103F-16F7-4668-BE54-9A1E7A4F7556}") = "ConsoleUI", "ConsoleUI\ConsoleUI.csproj", "{0E816FCF-AB24-4BD9-ACAB-764A297259E7}"
EndProject
Project("{9A19103F-16F7-4668-BE54-9A1E7A4F7556}") = "Core", "Core\Core.csproj", "{84E9FD78-6A78-4204-A69B-96C5B9D27E6D}"
EndProject
Project("{FAE04EC0-301F-11D3-BF4B-00C04F79EFBC}") = "WebAPI", "WebAPI\WebAPI.csproj", "{1FDEBA80-C501-4CD1-9992-ED964939A7C5}"
EndProject
Global
	GlobalSection(SolutionConfigurationPlatforms) = preSolution
		Debug|Any CPU = Debug|Any CPU
		Release|Any CPU = Release|Any CPU
	EndGlobalSection
	GlobalSection(ProjectConfigurationPlatforms) = postSolution
		{3E8971E7-EAF5-4480-B26E-2C7C5AB7C87C}.Debug|Any CPU.ActiveCfg = Debug|Any CPU
		{3E8971E7-EAF5-4480-B26E-2C7C5AB7C87C}.Debug|Any CPU.Build.0 = Debug|Any CPU
		{3E8971E7-EAF5-4480-B26E-2C7C5AB7C87C}.Release|Any CPU.ActiveCfg = Release|Any CPU
		{3E8971E7-EAF5-4480-B26E-2C7C5AB7C87C}.Release|Any CPU.Build.0 = Release|Any CPU
		{280C61ED-C021-45B4-9C6E-A41FF3BD8543}.Debug|Any CPU.ActiveCfg = Debug|Any CPU
		{280C61ED-C021-45B4-9C6E-A41FF3BD8543}.Debug|Any CPU.Build.0 = Debug|Any CPU
		{280C61ED-C021-45B4-9C6E-A41FF3BD8543}.Release|Any CPU.ActiveCfg = Release|Any CPU
		{280C61ED-C021-45B4-9C6E-A41FF3BD8543}.Release|Any CPU.Build.0 = Release|Any CPU
		{056C6608-67F2-421D-96A6-548F4CCC992E}.Debug|Any CPU.ActiveCfg = Debug|Any CPU
		{056C6608-67F2-421D-96A6-548F4CCC992E}.Debug|Any CPU.Build.0 = Debug|Any CPU
		{056C6608-67F2-421D-96A6-548F4CCC992E}.Release|Any CPU.ActiveCfg = Release|Any CPU
		{056C6608-67F2-421D-96A6-548F4CCC992E}.Release|Any CPU.Build.0 = Release|Any CPU
		{0E816FCF-AB24-4BD9-ACAB-764A297259E7}.Debug|Any CPU.ActiveCfg = Debug|Any CPU
		{0E816FCF-AB24-4BD9-ACAB-764A297259E7}.Debug|Any CPU.Build.0 = Debug|Any CPU
		{0E816FCF-AB24-4BD9-ACAB-764A297259E7}.Release|Any CPU.ActiveCfg = Release|Any CPU
		{0E816FCF-AB24-4BD9-ACAB-764A297259E7}.Release|Any CPU.Build.0 = Release|Any CPU
		{84E9FD78-6A78-4204-A69B-96C5B9D27E6D}.Debug|Any CPU.ActiveCfg = Debug|Any CPU
		{84E9FD78-6A78-4204-A69B-96C5B9D27E6D}.Debug|Any CPU.Build.0 = Debug|Any CPU
		{84E9FD78-6A78-4204-A69B-96C5B9D27E6D}.Release|Any CPU.ActiveCfg = Release|Any CPU
		{84E9FD78-6A78-4204-A69B-96C5B9D27E6D}.Release|Any CPU.Build.0 = Release|Any CPU
		{1FDEBA80-C501-4CD1-9992-ED964939A7C5}.Debug|Any CPU.ActiveCfg = Debug|Any CPU
		{1FDEBA80-C501-4CD1-9992-ED964939A7C5}.Debug|Any CPU.Build.0 = Debug|Any CPU
		{1FDEBA80-C501-4CD1-9992-ED964939A7C5}.Release|Any CPU.ActiveCfg = Release|Any CPU
		{1FDEBA80-C501-4CD1-9992-ED964939A7C5}.Release|Any CPU.Build.0 = Release|Any CPU
	EndGlobalSection
	GlobalSection(SolutionProperties) = preSolution
		HideSolutionNode = FALSE
	EndGlobalSection
	GlobalSection(ExtensibilityGlobals) = postSolution
		SolutionGuid = {EFD964F9-5CC7-4AF8-8598-D550A9A03116}
	EndGlobalSection
EndGlobal
